// !$*UTF8*$!
{
	archiveVersion = 1;
	classes = {
	};
	objectVersion = 46;
	objects = {

/* Begin PBXBuildFile section */
		C09840CB1E5680D100349BED /* AppDelegate.swift in Sources */ = {isa = PBXBuildFile; fileRef = C09840CA1E5680D100349BED /* AppDelegate.swift */; };
		C09840CD1E5680D100349BED /* ViewController.swift in Sources */ = {isa = PBXBuildFile; fileRef = C09840CC1E5680D100349BED /* ViewController.swift */; };
		C09840D01E5680D100349BED /* Main.storyboard in Resources */ = {isa = PBXBuildFile; fileRef = C09840CE1E5680D100349BED /* Main.storyboard */; };
		C09840D21E5680D100349BED /* Assets.xcassets in Resources */ = {isa = PBXBuildFile; fileRef = C09840D11E5680D100349BED /* Assets.xcassets */; };
		C09840D51E5680D100349BED /* LaunchScreen.storyboard in Resources */ = {isa = PBXBuildFile; fileRef = C09840D31E5680D100349BED /* LaunchScreen.storyboard */; };
		C09840DD1E5680EB00349BED /* AGIconButton.swift in Sources */ = {isa = PBXBuildFile; fileRef = C09840DC1E5680EB00349BED /* AGIconButton.swift */; };
/* End PBXBuildFile section */

/* Begin PBXFileReference section */
		C09840C71E5680D100349BED /* ICONButton.app */ = {isa = PBXFileReference; explicitFileType = wrapper.application; includeInIndex = 0; path = ICONButton.app; sourceTree = BUILT_PRODUCTS_DIR; };
		C09840CA1E5680D100349BED /* AppDelegate.swift */ = {isa = PBXFileReference; lastKnownFileType = sourcecode.swift; path = AppDelegate.swift; sourceTree = "<group>"; };
		C09840CC1E5680D100349BED /* ViewController.swift */ = {isa = PBXFileReference; lastKnownFileType = sourcecode.swift; path = ViewController.swift; sourceTree = "<group>"; };
		C09840CF1E5680D100349BED /* Base */ = {isa = PBXFileReference; lastKnownFileType = file.storyboard; name = Base; path = Base.lproj/Main.storyboard; sourceTree = "<group>"; };
		C09840D11E5680D100349BED /* Assets.xcassets */ = {isa = PBXFileReference; lastKnownFileType = folder.assetcatalog; path = Assets.xcassets; sourceTree = "<group>"; };
		C09840D41E5680D100349BED /* Base */ = {isa = PBXFileReference; lastKnownFileType = file.storyboard; name = Base; path = Base.lproj/LaunchScreen.storyboard; sourceTree = "<group>"; };
		C09840D61E5680D100349BED /* Info.plist */ = {isa = PBXFileReference; lastKnownFileType = text.plist.xml; path = Info.plist; sourceTree = "<group>"; };
		C09840DC1E5680EB00349BED /* AGIconButton.swift */ = {isa = PBXFileReference; fileEncoding = 4; lastKnownFileType = sourcecode.swift; path = AGIconButton.swift; sourceTree = "<group>"; };
/* End PBXFileReference section */

/* Begin PBXFrameworksBuildPhase section */
		C09840C41E5680D100349BED /* Frameworks */ = {
			isa = PBXFrameworksBuildPhase;
			buildActionMask = 2147483647;
			files = (
			);
			runOnlyForDeploymentPostprocessing = 0;
		};
/* End PBXFrameworksBuildPhase section */

/* Begin PBXGroup section */
		C09840BE1E5680D100349BED = {
			isa = PBXGroup;
			children = (
				C09840C91E5680D100349BED /* ICONButton */,
				C09840C81E5680D100349BED /* Products */,
			);
			sourceTree = "<group>";
		};
		C09840C81E5680D100349BED /* Products */ = {
			isa = PBXGroup;
			children = (
				C09840C71E5680D100349BED /* ICONButton.app */,
			);
			name = Products;
			sourceTree = "<group>";
		};
		C09840C91E5680D100349BED /* ICONButton */ = {
			isa = PBXGroup;
			children = (
				C09840DC1E5680EB00349BED /* AGIconButton.swift */,
				C09840CA1E5680D100349BED /* AppDelegate.swift */,
				C09840CC1E5680D100349BED /* ViewController.swift */,
				C09840CE1E5680D100349BED /* Main.storyboard */,
				C09840D11E5680D100349BED /* Assets.xcassets */,
				C09840D31E5680D100349BED /* LaunchScreen.storyboard */,
				C09840D61E5680D100349BED /* Info.plist */,
			);
			path = ICONButton;
			sourceTree = "<group>";
		};
/* End PBXGroup section */

/* Begin PBXNativeTarget section */
		C09840C61E5680D100349BED /* ICONButton */ = {
			isa = PBXNativeTarget;
			buildConfigurationList = C09840D91E5680D100349BED /* Build configuration list for PBXNativeTarget "ICONButton" */;
			buildPhases = (
				C09840C31E5680D100349BED /* Sources */,
				C09840C41E5680D100349BED /* Frameworks */,
				C09840C51E5680D100349BED /* Resources */,
			);
			buildRules = (
			);
			dependencies = (
			);
			name = ICONButton;
			productName = ICONButton;
			productReference = C09840C71E5680D100349BED /* ICONButton.app */;
			productType = "com.apple.product-type.application";
		};
/* End PBXNativeTarget section */

/* Begin PBXProject section */
		C09840BF1E5680D100349BED /* Project object */ = {
			isa = PBXProject;
			attributes = {
				LastSwiftUpdateCheck = 0810;
				LastUpgradeCheck = 0810;
				ORGANIZATIONNAME = AG;
				TargetAttributes = {
					C09840C61E5680D100349BED = {
						CreatedOnToolsVersion = 8.1;
						ProvisioningStyle = Automatic;
					};
				};
			};
			buildConfigurationList = C09840C21E5680D100349BED /* Build configuration list for PBXProject "ICONButton" */;
			compatibilityVersion = "Xcode 3.2";
			developmentRegion = English;
			hasScannedForEncodings = 0;
			knownRegions = (
				en,
				Base,
			);
			mainGroup = C09840BE1E5680D100349BED;
			productRefGroup = C09840C81E5680D100349BED /* Products */;
			projectDirPath = "";
			projectRoot = "";
			targets = (
				C09840C61E5680D100349BED /* ICONButton */,
			);
		};
/* End PBXProject section */

/* Begin PBXResourcesBuildPhase section */
		C09840C51E5680D100349BED /* Resources */ = {
			isa = PBXResourcesBuildPhase;
			buildActionMask = 2147483647;
			files = (
				C09840D51E5680D100349BED /* LaunchScreen.storyboard in Resources */,
				C09840D21E5680D100349BED /* Assets.xcassets in Resources */,
				C09840D01E5680D100349BED /* Main.storyboard in Resources */,
			);
			runOnlyForDeploymentPostprocessing = 0;
		};
/* End PBXResourcesBuildPhase section */

/* Begin PBXSourcesBuildPhase section */
		C09840C31E5680D100349BED /* Sources */ = {
			isa = PBXSourcesBuildPhase;
			buildActionMask = 2147483647;
			files = (
				C09840CD1E5680D100349BED /* ViewController.swift in Sources */,
				C09840DD1E5680EB00349BED /* AGIconButton.swift in Sources */,
				C09840CB1E5680D100349BED /* AppDelegate.swift in Sources */,
			);
			runOnlyForDeploymentPostprocessing = 0;
		};
/* End PBXSourcesBuildPhase section */

/* Begin PBXVariantGroup section */
		C09840CE1E5680D100349BED /* Main.storyboard */ = {
			isa = PBXVariantGroup;
			children = (
				C09840CF1E5680D100349BED /* Base */,
			);
			name = Main.storyboard;
			sourceTree = "<group>";
		};
		C09840D31E5680D100349BED /* LaunchScreen.storyboard */ = {
			isa = PBXVariantGroup;
			children = (
				C09840D41E5680D100349BED /* Base */,
			);
			name = LaunchScreen.storyboard;
			sourceTree = "<group>";
		};
/* End PBXVariantGroup section */

/* Begin XCBuildConfiguration section */
		C09840D71E5680D100349BED /* Debug */ = {
			isa = XCBuildConfiguration;
			buildSettings = {
				ALWAYS_SEARCH_USER_PATHS = NO;
				CLANG_ANALYZER_NONNULL = YES;
				CLANG_CXX_LANGUAGE_STANDARD = "gnu++0x";
				CLANG_CXX_LIBRARY = "libc++";
				CLANG_ENABLE_MODULES = YES;
				CLANG_ENABLE_OBJC_ARC = YES;
				CLANG_WARN_BOOL_CONVERSION = YES;
				CLANG_WARN_CONSTANT_CONVERSION = YES;
				CLANG_WARN_DIRECT_OBJC_ISA_USAGE = YES_ERROR;
				CLANG_WARN_DOCUMENTATION_COMMENTS = YES;
				CLANG_WARN_EMPTY_BODY = YES;
				CLANG_WARN_ENUM_CONVERSION = YES;
				CLANG_WARN_INFINITE_RECURSION = YES;
				CLANG_WARN_INT_CONVERSION = YES;
				CLANG_WARN_OBJC_ROOT_CLASS = YES_ERROR;
				CLANG_WARN_SUSPICIOUS_MOVES = YES;
				CLANG_WARN_UNREACHABLE_CODE = YES;
				CLANG_WARN__DUPLICATE_METHOD_MATCH = YES;
				"CODE_SIGN_IDENTITY[sdk=iphoneos*]" = "iPhone Developer";
				COPY_PHASE_STRIP = NO;
				DEBUG_INFORMATION_FORMAT = dwarf;
				ENABLE_STRICT_OBJC_MSGSEND = YES;
				ENABLE_TESTABILITY = YES;
				GCC_C_LANGUAGE_STANDARD = gnu99;
				GCC_DYNAMIC_NO_PIC = NO;
				GCC_NO_COMMON_BLOCKS = YES;
				GCC_OPTIMIZATION_LEVEL = 0;
				GCC_PREPROCESSOR_DEFINITIONS = (
					"DEBUG=1",
					"$(inherited)",
				);
				GCC_WARN_64_TO_32_BIT_CONVERSION = YES;
				GCC_WARN_ABOUT_RETURN_TYPE = YES_ERROR;
				GCC_WARN_UNDECLARED_SELECTOR = YES;
				GCC_WARN_UNINITIALIZED_AUTOS = YES_AGGRESSIVE;
				GCC_WARN_UNUSED_FUNCTION = YES;
				GCC_WARN_UNUSED_VARIABLE = YES;
				IPHONEOS_DEPLOYMENT_TARGET = 10.1;
				MTL_ENABLE_DEBUG_INFO = YES;
				ONLY_ACTIVE_ARCH = YES;
				SDKROOT = iphoneos;
				SWIFT_ACTIVE_COMPILATION_CONDITIONS = DEBUG;
				SWIFT_OPTIMIZATION_LEVEL = "-Onone";
				TARGETED_DEVICE_FAMILY = "1,2";
			};
			name = Debug;
		};
		C09840D81E5680D100349BED /* Release */ = {
			isa = XCBuildConfiguration;
			buildSettings = {
				ALWAYS_SEARCH_USER_PATHS = NO;
				CLANG_ANALYZER_NONNULL = YES;
				CLANG_CXX_LANGUAGE_STANDARD = "gnu++0x";
				CLANG_CXX_LIBRARY = "libc++";
				CLANG_ENABLE_MODULES = YES;
				CLANG_ENABLE_OBJC_ARC = YES;
				CLANG_WARN_BOOL_CONVERSION = YES;
				CLANG_WARN_CONSTANT_CONVERSION = YES;
				CLANG_WARN_DIRECT_OBJC_ISA_USAGE = YES_ERROR;
				CLANG_WARN_DOCUMENTATION_COMMENTS = YES;
				CLANG_WARN_EMPTY_BODY = YES;
				CLANG_WARN_ENUM_CONVERSION = YES;
				CLANG_WARN_INFINITE_RECURSION = YES;
				CLANG_WARN_INT_CONVERSION = YES;
				CLANG_WARN_OBJC_ROOT_CLASS = YES_ERROR;
				CLANG_WARN_SUSPICIOUS_MOVES = YES;
				CLANG_WARN_UNREACHABLE_CODE = YES;
				CLANG_WARN__DUPLICATE_METHOD_MATCH = YES;
				"CODE_SIGN_IDENTITY[sdk=iphoneos*]" = "iPhone Developer";
				COPY_PHASE_STRIP = NO;
				DEBUG_INFORMATION_FORMAT = "dwarf-with-dsym";
				ENABLE_NS_ASSERTIONS = NO;
				ENABLE_STRICT_OBJC_MSGSEND = YES;
				GCC_C_LANGUAGE_STANDARD = gnu99;
				GCC_NO_COMMON_BLOCKS = YES;
				GCC_WARN_64_TO_32_BIT_CONVERSION = YES;
				GCC_WARN_ABOUT_RETURN_TYPE = YES_ERROR;
				GCC_WARN_UNDECLARED_SELECTOR = YES;
				GCC_WARN_UNINITIALIZED_AUTOS = YES_AGGRESSIVE;
				GCC_WARN_UNUSED_FUNCTION = YES;
				GCC_WARN_UNUSED_VARIABLE = YES;
				IPHONEOS_DEPLOYMENT_TARGET = 10.1;
				MTL_ENABLE_DEBUG_INFO = NO;
				SDKROOT = iphoneos;
				SWIFT_OPTIMIZATION_LEVEL = "-Owholemodule";
				TARGETED_DEVICE_FAMILY = "1,2";
				VALIDATE_PRODUCT = YES;
			};
			name = Release;
		};
		C09840DA1E5680D100349BED /* Debug */ = {
			isa = XCBuildConfiguration;
			buildSettings = {
				ASSETCATALOG_COMPILER_APPICON_NAME = AppIcon;
				INFOPLIST_FILE = ICONButton/Info.plist;
				LD_RUNPATH_SEARCH_PATHS = "$(inherited) @executable_path/Frameworks";
				PRODUCT_BUNDLE_IDENTIFIER = AG.ICONButton;
				PRODUCT_NAME = "$(TARGET_NAME)";
				SWIFT_VERSION = 3.0;
			};
			name = Debug;
		};
		C09840DB1E5680D100349BED /* Release */ = {
			isa = XCBuildConfiguration;
			buildSettings = {
				ASSETCATALOG_COMPILER_APPICON_NAME = AppIcon;
				INFOPLIST_FILE = ICONButton/Info.plist;
				LD_RUNPATH_SEARCH_PATHS = "$(inherited) @executable_path/Frameworks";
				PRODUCT_BUNDLE_IDENTIFIER = AG.ICONButton;
				PRODUCT_NAME = "$(TARGET_NAME)";
				SWIFT_VERSION = 3.0;
			};
			name = Release;
		};
/* End XCBuildConfiguration section */

/* Begin XCConfigurationList section */
		C09840C21E5680D100349BED /* Build configuration list for PBXProject "ICONButton" */ = {
			isa = XCConfigurationList;
			buildConfigurations = (
				C09840D71E5680D100349BED /* Debug */,
				C09840D81E5680D100349BED /* Release */,
			);
			defaultConfigurationIsVisible = 0;
			defaultConfigurationName = Release;
		};
		C09840D91E5680D100349BED /* Build configuration list for PBXNativeTarget "ICONButton" */ = {
			isa = XCConfigurationList;
			buildConfigurations = (
				C09840DA1E5680D100349BED /* Debug */,
				C09840DB1E5680D100349BED /* Release */,
			);
			defaultConfigurationIsVisible = 0;
		};
/* End XCConfigurationList section */
	};
	rootObject = C09840BF1E5680D100349BED /* Project object */;
}
